
Microsoft Visual Studio Solution File, Format Version 12.00
# Visual Studio 14
VisualStudioVersion = 14.0.25420.1
MinimumVisualStudioVersion = 10.0.40219.1
Project("{8BB2217D-0F2D-49D1-97BC-3654ED321F3B}") = "WebApp", "WebApp\WebApp.xproj", "{E9CAB98D-F6C0-4F9A-8499-243C2268E8D7}"
EndProject
Project("{2150E333-8FDC-42A3-9474-1A3956D46DE8}") = "Solution Items", "Solution Items", "{7978177E-7B30-4BC9-9135-C6009A94E235}"
	ProjectSection(SolutionItems) = preProject
		global.json = global.json
		README.md = README.md
	EndProjectSection
EndProject
Project("{8BB2217D-0F2D-49D1-97BC-3654ED321F3B}") = "WebApp.Tests", "WebApp.Tests\WebApp.Tests.xproj", "{F57CFD12-3519-4C05-B648-F2B49FE400B0}"
EndProject
Project("{8BB2217D-0F2D-49D1-97BC-3654ED321F3B}") = "WebApp.Tests.Integration", "WebApp.Tests.Integration\WebApp.Tests.Integration.xproj", "{6BF26F99-74BD-49FA-B806-C534BFABB3D4}"
EndProject
Project("{8BB2217D-0F2D-49D1-97BC-3654ED321F3B}") = "WebApp.DataAccessLayer", "WebApp.DataAccessLayer\WebApp.DataAccessLayer.xproj", "{8CC95427-D8E2-4970-B5C1-1BBD78FB32C2}"
EndProject
Global
	GlobalSection(SolutionConfigurationPlatforms) = preSolution
		Debug|Any CPU = Debug|Any CPU
		Release|Any CPU = Release|Any CPU
	EndGlobalSection
	GlobalSection(ProjectConfigurationPlatforms) = postSolution
		{E9CAB98D-F6C0-4F9A-8499-243C2268E8D7}.Debug|Any CPU.ActiveCfg = Debug|Any CPU
		{E9CAB98D-F6C0-4F9A-8499-243C2268E8D7}.Debug|Any CPU.Build.0 = Debug|Any CPU
		{E9CAB98D-F6C0-4F9A-8499-243C2268E8D7}.Release|Any CPU.ActiveCfg = Release|Any CPU
		{E9CAB98D-F6C0-4F9A-8499-243C2268E8D7}.Release|Any CPU.Build.0 = Release|Any CPU
		{F57CFD12-3519-4C05-B648-F2B49FE400B0}.Debug|Any CPU.ActiveCfg = Debug|Any CPU
		{F57CFD12-3519-4C05-B648-F2B49FE400B0}.Debug|Any CPU.Build.0 = Debug|Any CPU
		{F57CFD12-3519-4C05-B648-F2B49FE400B0}.Release|Any CPU.ActiveCfg = Release|Any CPU
		{F57CFD12-3519-4C05-B648-F2B49FE400B0}.Release|Any CPU.Build.0 = Release|Any CPU
		{6BF26F99-74BD-49FA-B806-C534BFABB3D4}.Debug|Any CPU.ActiveCfg = Debug|Any CPU
		{6BF26F99-74BD-49FA-B806-C534BFABB3D4}.Debug|Any CPU.Build.0 = Debug|Any CPU
		{6BF26F99-74BD-49FA-B806-C534BFABB3D4}.Release|Any CPU.ActiveCfg = Release|Any CPU
		{6BF26F99-74BD-49FA-B806-C534BFABB3D4}.Release|Any CPU.Build.0 = Release|Any CPU
		{8CC95427-D8E2-4970-B5C1-1BBD78FB32C2}.Debug|Any CPU.ActiveCfg = Debug|Any CPU
		{8CC95427-D8E2-4970-B5C1-1BBD78FB32C2}.Debug|Any CPU.Build.0 = Debug|Any CPU
		{8CC95427-D8E2-4970-B5C1-1BBD78FB32C2}.Release|Any CPU.ActiveCfg = Release|Any CPU
		{8CC95427-D8E2-4970-B5C1-1BBD78FB32C2}.Release|Any CPU.Build.0 = Release|Any CPU
	EndGlobalSection
	GlobalSection(SolutionProperties) = preSolution
		HideSolutionNode = FALSE
	EndGlobalSection
EndGlobal
