
Microsoft Visual Studio Solution File, Format Version 12.00
# Visual Studio 15
VisualStudioVersion = 15.0.27004.2006
MinimumVisualStudioVersion = 10.0.40219.1
Project("{2150E333-8FDC-42A3-9474-1A3956D46DE8}") = "Solution Items", "Solution Items", "{7978177E-7B30-4BC9-9135-C6009A94E235}"
	ProjectSection(SolutionItems) = preProject
		README.md = README.md
	EndProjectSection
EndProject
Project("{9A19103F-16F7-4668-BE54-9A1E7A4F7556}") = "IdentityProvider", "IdentityProvider\IdentityProvider.csproj", "{E9CAB98D-F6C0-4F9A-8499-243C2268E8D7}"
EndProject
Project("{9A19103F-16F7-4668-BE54-9A1E7A4F7556}") = "Identity", "Identity\Identity.csproj", "{FAD93669-6978-4934-9BFE-4BB2E5C49E46}"
EndProject
Project("{9A19103F-16F7-4668-BE54-9A1E7A4F7556}") = "Identity.Interface", "Identity.Interface\Identity.Interface.csproj", "{623B62EE-243B-4084-99E1-54DE612D17CF}"
EndProject
Project("{9A19103F-16F7-4668-BE54-9A1E7A4F7556}") = "Identity.Data", "Identity.Data\Identity.Data.csproj", "{67E30CA2-E020-47C3-9D1F-A1E5C8234842}"
EndProject
Project("{9A19103F-16F7-4668-BE54-9A1E7A4F7556}") = "ResourceTemplate.Interface", "ResourceTemplate.Interface\ResourceTemplate.Interface.csproj", "{6DCE7976-3081-48F1-9604-6EDDBF3DF16E}"
EndProject
Project("{9A19103F-16F7-4668-BE54-9A1E7A4F7556}") = "ResourceTemplate.Data", "ResourceTemplate.Data\ResourceTemplate.Data.csproj", "{2665D1C7-A4D5-4B7E-AC5A-3D467DEF6554}"
EndProject
Project("{9A19103F-16F7-4668-BE54-9A1E7A4F7556}") = "ResourceTemplate", "ResourceTemplate\ResourceTemplate.csproj", "{7B88F5AA-4A28-44D7-9BA6-0FCC1F22A116}"
EndProject
Project("{9A19103F-16F7-4668-BE54-9A1E7A4F7556}") = "ResourceTemplateProvider", "ResourceTemplateProvider\ResourceTemplateProvider.csproj", "{D3956D58-59F2-4C79-83DF-D605C96A84DA}"
EndProject
Project("{9A19103F-16F7-4668-BE54-9A1E7A4F7556}") = "Common", "Common\Common.csproj", "{D2FBE119-A48B-4329-AFDD-AE0968E233C7}"
EndProject
Project("{2150E333-8FDC-42A3-9474-1A3956D46DE8}") = "IdentityService", "IdentityService", "{0A772243-84C6-482E-8AFC-2A16881D0685}"
EndProject
Project("{2150E333-8FDC-42A3-9474-1A3956D46DE8}") = "ResourceService", "ResourceService", "{3A2562A8-C510-48D0-9AD2-DC5D1E45E417}"
EndProject
Project("{9A19103F-16F7-4668-BE54-9A1E7A4F7556}") = "WebApiGateway", "WebApiGateway\WebApiGateway.csproj", "{5D9D7FEF-C7F9-4422-A0DF-995A13186A49}"
EndProject
Global
	GlobalSection(SolutionConfigurationPlatforms) = preSolution
		Debug|Any CPU = Debug|Any CPU
		Release|Any CPU = Release|Any CPU
	EndGlobalSection
	GlobalSection(ProjectConfigurationPlatforms) = postSolution
		{E9CAB98D-F6C0-4F9A-8499-243C2268E8D7}.Debug|Any CPU.ActiveCfg = Debug|Any CPU
		{E9CAB98D-F6C0-4F9A-8499-243C2268E8D7}.Debug|Any CPU.Build.0 = Debug|Any CPU
		{E9CAB98D-F6C0-4F9A-8499-243C2268E8D7}.Release|Any CPU.ActiveCfg = Release|Any CPU
		{E9CAB98D-F6C0-4F9A-8499-243C2268E8D7}.Release|Any CPU.Build.0 = Release|Any CPU
		{FAD93669-6978-4934-9BFE-4BB2E5C49E46}.Debug|Any CPU.ActiveCfg = Debug|Any CPU
		{FAD93669-6978-4934-9BFE-4BB2E5C49E46}.Debug|Any CPU.Build.0 = Debug|Any CPU
		{FAD93669-6978-4934-9BFE-4BB2E5C49E46}.Release|Any CPU.ActiveCfg = Release|Any CPU
		{FAD93669-6978-4934-9BFE-4BB2E5C49E46}.Release|Any CPU.Build.0 = Release|Any CPU
		{623B62EE-243B-4084-99E1-54DE612D17CF}.Debug|Any CPU.ActiveCfg = Debug|Any CPU
		{623B62EE-243B-4084-99E1-54DE612D17CF}.Debug|Any CPU.Build.0 = Debug|Any CPU
		{623B62EE-243B-4084-99E1-54DE612D17CF}.Release|Any CPU.ActiveCfg = Release|Any CPU
		{623B62EE-243B-4084-99E1-54DE612D17CF}.Release|Any CPU.Build.0 = Release|Any CPU
		{67E30CA2-E020-47C3-9D1F-A1E5C8234842}.Debug|Any CPU.ActiveCfg = Debug|Any CPU
		{67E30CA2-E020-47C3-9D1F-A1E5C8234842}.Debug|Any CPU.Build.0 = Debug|Any CPU
		{67E30CA2-E020-47C3-9D1F-A1E5C8234842}.Release|Any CPU.ActiveCfg = Release|Any CPU
		{67E30CA2-E020-47C3-9D1F-A1E5C8234842}.Release|Any CPU.Build.0 = Release|Any CPU
		{6DCE7976-3081-48F1-9604-6EDDBF3DF16E}.Debug|Any CPU.ActiveCfg = Debug|Any CPU
		{6DCE7976-3081-48F1-9604-6EDDBF3DF16E}.Debug|Any CPU.Build.0 = Debug|Any CPU
		{6DCE7976-3081-48F1-9604-6EDDBF3DF16E}.Release|Any CPU.ActiveCfg = Release|Any CPU
		{6DCE7976-3081-48F1-9604-6EDDBF3DF16E}.Release|Any CPU.Build.0 = Release|Any CPU
		{2665D1C7-A4D5-4B7E-AC5A-3D467DEF6554}.Debug|Any CPU.ActiveCfg = Debug|Any CPU
		{2665D1C7-A4D5-4B7E-AC5A-3D467DEF6554}.Debug|Any CPU.Build.0 = Debug|Any CPU
		{2665D1C7-A4D5-4B7E-AC5A-3D467DEF6554}.Release|Any CPU.ActiveCfg = Release|Any CPU
		{2665D1C7-A4D5-4B7E-AC5A-3D467DEF6554}.Release|Any CPU.Build.0 = Release|Any CPU
		{7B88F5AA-4A28-44D7-9BA6-0FCC1F22A116}.Debug|Any CPU.ActiveCfg = Debug|Any CPU
		{7B88F5AA-4A28-44D7-9BA6-0FCC1F22A116}.Debug|Any CPU.Build.0 = Debug|Any CPU
		{7B88F5AA-4A28-44D7-9BA6-0FCC1F22A116}.Release|Any CPU.ActiveCfg = Release|Any CPU
		{7B88F5AA-4A28-44D7-9BA6-0FCC1F22A116}.Release|Any CPU.Build.0 = Release|Any CPU
		{D3956D58-59F2-4C79-83DF-D605C96A84DA}.Debug|Any CPU.ActiveCfg = Debug|Any CPU
		{D3956D58-59F2-4C79-83DF-D605C96A84DA}.Debug|Any CPU.Build.0 = Debug|Any CPU
		{D3956D58-59F2-4C79-83DF-D605C96A84DA}.Release|Any CPU.ActiveCfg = Release|Any CPU
		{D3956D58-59F2-4C79-83DF-D605C96A84DA}.Release|Any CPU.Build.0 = Release|Any CPU
		{D2FBE119-A48B-4329-AFDD-AE0968E233C7}.Debug|Any CPU.ActiveCfg = Debug|Any CPU
		{D2FBE119-A48B-4329-AFDD-AE0968E233C7}.Debug|Any CPU.Build.0 = Debug|Any CPU
		{D2FBE119-A48B-4329-AFDD-AE0968E233C7}.Release|Any CPU.ActiveCfg = Release|Any CPU
		{D2FBE119-A48B-4329-AFDD-AE0968E233C7}.Release|Any CPU.Build.0 = Release|Any CPU
		{5D9D7FEF-C7F9-4422-A0DF-995A13186A49}.Debug|Any CPU.ActiveCfg = Debug|Any CPU
		{5D9D7FEF-C7F9-4422-A0DF-995A13186A49}.Debug|Any CPU.Build.0 = Debug|Any CPU
		{5D9D7FEF-C7F9-4422-A0DF-995A13186A49}.Release|Any CPU.ActiveCfg = Release|Any CPU
		{5D9D7FEF-C7F9-4422-A0DF-995A13186A49}.Release|Any CPU.Build.0 = Release|Any CPU
	EndGlobalSection
	GlobalSection(SolutionProperties) = preSolution
		HideSolutionNode = FALSE
	EndGlobalSection
	GlobalSection(NestedProjects) = preSolution
		{E9CAB98D-F6C0-4F9A-8499-243C2268E8D7} = {0A772243-84C6-482E-8AFC-2A16881D0685}
		{FAD93669-6978-4934-9BFE-4BB2E5C49E46} = {0A772243-84C6-482E-8AFC-2A16881D0685}
		{623B62EE-243B-4084-99E1-54DE612D17CF} = {0A772243-84C6-482E-8AFC-2A16881D0685}
		{67E30CA2-E020-47C3-9D1F-A1E5C8234842} = {0A772243-84C6-482E-8AFC-2A16881D0685}
		{6DCE7976-3081-48F1-9604-6EDDBF3DF16E} = {3A2562A8-C510-48D0-9AD2-DC5D1E45E417}
		{2665D1C7-A4D5-4B7E-AC5A-3D467DEF6554} = {3A2562A8-C510-48D0-9AD2-DC5D1E45E417}
		{7B88F5AA-4A28-44D7-9BA6-0FCC1F22A116} = {3A2562A8-C510-48D0-9AD2-DC5D1E45E417}
		{D3956D58-59F2-4C79-83DF-D605C96A84DA} = {3A2562A8-C510-48D0-9AD2-DC5D1E45E417}
	EndGlobalSection
	GlobalSection(ExtensibilityGlobals) = postSolution
		SolutionGuid = {AABF1DD3-9F15-4CC3-BB7A-498398DE9C9D}
	EndGlobalSection
EndGlobal
