
Microsoft Visual Studio Solution File, Format Version 12.00
# Visual Studio 15
VisualStudioVersion = 15.0.27004.2005
MinimumVisualStudioVersion = 10.0.40219.1
Project("{2150E333-8FDC-42A3-9474-1A3956D46DE8}") = "Solution Items", "Solution Items", "{7978177E-7B30-4BC9-9135-C6009A94E235}"
	ProjectSection(SolutionItems) = preProject
		README.md = README.md
	EndProjectSection
EndProject
Project("{9A19103F-16F7-4668-BE54-9A1E7A4F7556}") = "WebApp", "WebApp\WebApp.csproj", "{E9CAB98D-F6C0-4F9A-8499-243C2268E8D7}"
EndProject
Project("{9A19103F-16F7-4668-BE54-9A1E7A4F7556}") = "WebApp.DataAccessLayer", "WebApp.DataAccessLayer\WebApp.DataAccessLayer.csproj", "{8CC95427-D8E2-4970-B5C1-1BBD78FB32C2}"
EndProject
Project("{9A19103F-16F7-4668-BE54-9A1E7A4F7556}") = "WebApp.Identity", "WebApp.Identity\WebApp.Identity.csproj", "{FAD93669-6978-4934-9BFE-4BB2E5C49E46}"
EndProject
Project("{00D1A9C2-B5F0-4AF3-8072-F6C62B433612}") = "WebApp.Database", "WebApp.Database\WebApp.Database.sqlproj", "{1D1EF301-4D4E-4C99-A874-A138D7D236E8}"
EndProject
Project("{FAE04EC0-301F-11D3-BF4B-00C04F79EFBC}") = "WebApp.Localisation", "WebApp.Localisation\WebApp.Localisation.csproj", "{D179A614-2555-43DC-BCC3-0F3735DD7ACB}"
EndProject
Project("{FAE04EC0-301F-11D3-BF4B-00C04F79EFBC}") = "WebApp.Localisation.DataAccessLayer", "WebApp.Localisation.DataAccessLayer\WebApp.Localisation.DataAccessLayer.csproj", "{3B866CA2-1016-409E-A715-AB06304D8E2D}"
EndProject
Project("{FAE04EC0-301F-11D3-BF4B-00C04F79EFBC}") = "WebApp.Localisation.Interface", "WebApp.Localisation.Interface\WebApp.Localisation.Interface.csproj", "{DAF9C6D2-BEEE-4F3D-8021-E9E60031DD65}"
EndProject
Project("{FAE04EC0-301F-11D3-BF4B-00C04F79EFBC}") = "WebApp.Identity.Interface", "WebApp.Identity.Interface\WebApp.Identity.Interface.csproj", "{623B62EE-243B-4084-99E1-54DE612D17CF}"
EndProject
Project("{FAE04EC0-301F-11D3-BF4B-00C04F79EFBC}") = "WebApp.Identity.DataAccessLayer", "WebApp.Identity.DataAccessLayer\WebApp.Identity.DataAccessLayer.csproj", "{CD28B2DC-FDEB-4199-8697-C047202196DA}"
EndProject
Global
	GlobalSection(SolutionConfigurationPlatforms) = preSolution
		Debug|Any CPU = Debug|Any CPU
		Release|Any CPU = Release|Any CPU
	EndGlobalSection
	GlobalSection(ProjectConfigurationPlatforms) = postSolution
		{E9CAB98D-F6C0-4F9A-8499-243C2268E8D7}.Debug|Any CPU.ActiveCfg = Debug|Any CPU
		{E9CAB98D-F6C0-4F9A-8499-243C2268E8D7}.Debug|Any CPU.Build.0 = Debug|Any CPU
		{E9CAB98D-F6C0-4F9A-8499-243C2268E8D7}.Release|Any CPU.ActiveCfg = Release|Any CPU
		{E9CAB98D-F6C0-4F9A-8499-243C2268E8D7}.Release|Any CPU.Build.0 = Release|Any CPU
		{8CC95427-D8E2-4970-B5C1-1BBD78FB32C2}.Debug|Any CPU.ActiveCfg = Debug|Any CPU
		{8CC95427-D8E2-4970-B5C1-1BBD78FB32C2}.Debug|Any CPU.Build.0 = Debug|Any CPU
		{8CC95427-D8E2-4970-B5C1-1BBD78FB32C2}.Release|Any CPU.ActiveCfg = Release|Any CPU
		{8CC95427-D8E2-4970-B5C1-1BBD78FB32C2}.Release|Any CPU.Build.0 = Release|Any CPU
		{FAD93669-6978-4934-9BFE-4BB2E5C49E46}.Debug|Any CPU.ActiveCfg = Debug|Any CPU
		{FAD93669-6978-4934-9BFE-4BB2E5C49E46}.Debug|Any CPU.Build.0 = Debug|Any CPU
		{FAD93669-6978-4934-9BFE-4BB2E5C49E46}.Release|Any CPU.ActiveCfg = Release|Any CPU
		{FAD93669-6978-4934-9BFE-4BB2E5C49E46}.Release|Any CPU.Build.0 = Release|Any CPU
		{1D1EF301-4D4E-4C99-A874-A138D7D236E8}.Debug|Any CPU.ActiveCfg = Debug|Any CPU
		{1D1EF301-4D4E-4C99-A874-A138D7D236E8}.Release|Any CPU.ActiveCfg = Release|Any CPU
		{1D1EF301-4D4E-4C99-A874-A138D7D236E8}.Release|Any CPU.Build.0 = Release|Any CPU
		{1D1EF301-4D4E-4C99-A874-A138D7D236E8}.Release|Any CPU.Deploy.0 = Release|Any CPU
		{D179A614-2555-43DC-BCC3-0F3735DD7ACB}.Debug|Any CPU.ActiveCfg = Debug|Any CPU
		{D179A614-2555-43DC-BCC3-0F3735DD7ACB}.Debug|Any CPU.Build.0 = Debug|Any CPU
		{D179A614-2555-43DC-BCC3-0F3735DD7ACB}.Release|Any CPU.ActiveCfg = Release|Any CPU
		{D179A614-2555-43DC-BCC3-0F3735DD7ACB}.Release|Any CPU.Build.0 = Release|Any CPU
		{3B866CA2-1016-409E-A715-AB06304D8E2D}.Debug|Any CPU.ActiveCfg = Debug|Any CPU
		{3B866CA2-1016-409E-A715-AB06304D8E2D}.Debug|Any CPU.Build.0 = Debug|Any CPU
		{3B866CA2-1016-409E-A715-AB06304D8E2D}.Release|Any CPU.ActiveCfg = Release|Any CPU
		{3B866CA2-1016-409E-A715-AB06304D8E2D}.Release|Any CPU.Build.0 = Release|Any CPU
		{DAF9C6D2-BEEE-4F3D-8021-E9E60031DD65}.Debug|Any CPU.ActiveCfg = Debug|Any CPU
		{DAF9C6D2-BEEE-4F3D-8021-E9E60031DD65}.Debug|Any CPU.Build.0 = Debug|Any CPU
		{DAF9C6D2-BEEE-4F3D-8021-E9E60031DD65}.Release|Any CPU.ActiveCfg = Release|Any CPU
		{DAF9C6D2-BEEE-4F3D-8021-E9E60031DD65}.Release|Any CPU.Build.0 = Release|Any CPU
		{623B62EE-243B-4084-99E1-54DE612D17CF}.Debug|Any CPU.ActiveCfg = Debug|Any CPU
		{623B62EE-243B-4084-99E1-54DE612D17CF}.Debug|Any CPU.Build.0 = Debug|Any CPU
		{623B62EE-243B-4084-99E1-54DE612D17CF}.Release|Any CPU.ActiveCfg = Release|Any CPU
		{623B62EE-243B-4084-99E1-54DE612D17CF}.Release|Any CPU.Build.0 = Release|Any CPU
		{CD28B2DC-FDEB-4199-8697-C047202196DA}.Debug|Any CPU.ActiveCfg = Debug|Any CPU
		{CD28B2DC-FDEB-4199-8697-C047202196DA}.Debug|Any CPU.Build.0 = Debug|Any CPU
		{CD28B2DC-FDEB-4199-8697-C047202196DA}.Release|Any CPU.ActiveCfg = Release|Any CPU
		{CD28B2DC-FDEB-4199-8697-C047202196DA}.Release|Any CPU.Build.0 = Release|Any CPU
	EndGlobalSection
	GlobalSection(SolutionProperties) = preSolution
		HideSolutionNode = FALSE
	EndGlobalSection
	GlobalSection(ExtensibilityGlobals) = postSolution
		SolutionGuid = {AABF1DD3-9F15-4CC3-BB7A-498398DE9C9D}
	EndGlobalSection
EndGlobal
